// !$*UTF8*$!
{
	archiveVersion = 1;
	classes = {
	};
	objectVersion = 46;
	objects = {

/* Begin PBXBuildFile section */
		E1026C011D5D7FFC00C930AD /* MyScrollView.m in Sources */ = {isa = PBXBuildFile; fileRef = E1026C001D5D7FFC00C930AD /* MyScrollView.m */; };
		E1026C041D5D823400C930AD /* backView.m in Sources */ = {isa = PBXBuildFile; fileRef = E1026C031D5D823400C930AD /* backView.m */; };
		E1026C061D5D967200C930AD /* Default.png in Resources */ = {isa = PBXBuildFile; fileRef = E1026C051D5D967200C930AD /* Default.png */; };
		E133AA6E1D5C457B00D9031A /* main.m in Sources */ = {isa = PBXBuildFile; fileRef = E133AA6D1D5C457B00D9031A /* main.m */; };
		E133AA711D5C457B00D9031A /* AppDelegate.m in Sources */ = {isa = PBXBuildFile; fileRef = E133AA701D5C457B00D9031A /* AppDelegate.m */; };
		E133AA741D5C457B00D9031A /* ViewController.m in Sources */ = {isa = PBXBuildFile; fileRef = E133AA731D5C457B00D9031A /* ViewController.m */; };
		E133AA771D5C457B00D9031A /* Main.storyboard in Resources */ = {isa = PBXBuildFile; fileRef = E133AA751D5C457B00D9031A /* Main.storyboard */; };
		E133AA791D5C457B00D9031A /* Assets.xcassets in Resources */ = {isa = PBXBuildFile; fileRef = E133AA781D5C457B00D9031A /* Assets.xcassets */; };
		E133AA7C1D5C457B00D9031A /* LaunchScreen.storyboard in Resources */ = {isa = PBXBuildFile; fileRef = E133AA7A1D5C457B00D9031A /* LaunchScreen.storyboard */; };
		E133AA871D5C457B00D9031A /* WebViewLearnTests.m in Sources */ = {isa = PBXBuildFile; fileRef = E133AA861D5C457B00D9031A /* WebViewLearnTests.m */; };
		E133AA921D5C457B00D9031A /* WebViewLearnUITests.m in Sources */ = {isa = PBXBuildFile; fileRef = E133AA911D5C457B00D9031A /* WebViewLearnUITests.m */; };
		E139953E1D5DB8140007F050 /* MaskView.m in Sources */ = {isa = PBXBuildFile; fileRef = E139953D1D5DB8140007F050 /* MaskView.m */; };
		E13995461D5DE9220007F050 /* OverTurnViewController.m in Sources */ = {isa = PBXBuildFile; fileRef = E13995451D5DE9220007F050 /* OverTurnViewController.m */; };
		E1B97AF11D66B72000B2A197 /* GCDMulticastDelegate.m in Sources */ = {isa = PBXBuildFile; fileRef = E1B97AEE1D66B72000B2A197 /* GCDMulticastDelegate.m */; };
		E1B97AF21D66B72000B2A197 /* MulticastDelegateBaseObject.m in Sources */ = {isa = PBXBuildFile; fileRef = E1B97AF01D66B72000B2A197 /* MulticastDelegateBaseObject.m */; };
		E1C7D1391D630C190063FCDE /* AnotherViewController.m in Sources */ = {isa = PBXBuildFile; fileRef = E1C7D1381D630C190063FCDE /* AnotherViewController.m */; };
		E1C7D13B1D630D830063FCDE /* heng.jpg in Resources */ = {isa = PBXBuildFile; fileRef = E1C7D13A1D630D830063FCDE /* heng.jpg */; };
		E1E40F8D1D5C476F0022EBEC /* NewWebView.m in Sources */ = {isa = PBXBuildFile; fileRef = E1E40F8C1D5C476F0022EBEC /* NewWebView.m */; };
		E1E40F961D5C71A70022EBEC /* UIScrollView+UITouch.m in Sources */ = {isa = PBXBuildFile; fileRef = E1E40F951D5C71A70022EBEC /* UIScrollView+UITouch.m */; };
/* End PBXBuildFile section */

/* Begin PBXContainerItemProxy section */
		E133AA831D5C457B00D9031A /* PBXContainerItemProxy */ = {
			isa = PBXContainerItemProxy;
			containerPortal = E133AA611D5C457B00D9031A /* Project object */;
			proxyType = 1;
			remoteGlobalIDString = E133AA681D5C457B00D9031A;
			remoteInfo = WebViewLearn;
		};
		E133AA8E1D5C457B00D9031A /* PBXContainerItemProxy */ = {
			isa = PBXContainerItemProxy;
			containerPortal = E133AA611D5C457B00D9031A /* Project object */;
			proxyType = 1;
			remoteGlobalIDString = E133AA681D5C457B00D9031A;
			remoteInfo = WebViewLearn;
		};
/* End PBXContainerItemProxy section */

/* Begin PBXFileReference section */
		E1026BFF1D5D7FFC00C930AD /* MyScrollView.h */ = {isa = PBXFileReference; fileEncoding = 4; lastKnownFileType = sourcecode.c.h; path = MyScrollView.h; sourceTree = "<group>"; };
		E1026C001D5D7FFC00C930AD /* MyScrollView.m */ = {isa = PBXFileReference; fileEncoding = 4; lastKnownFileType = sourcecode.c.objc; path = MyScrollView.m; sourceTree = "<group>"; };
		E1026C021D5D823400C930AD /* backView.h */ = {isa = PBXFileReference; fileEncoding = 4; lastKnownFileType = sourcecode.c.h; path = backView.h; sourceTree = "<group>"; };
		E1026C031D5D823400C930AD /* backView.m */ = {isa = PBXFileReference; fileEncoding = 4; lastKnownFileType = sourcecode.c.objc; path = backView.m; sourceTree = "<group>"; };
		E1026C051D5D967200C930AD /* Default.png */ = {isa = PBXFileReference; lastKnownFileType = image.png; path = Default.png; sourceTree = "<group>"; };
		E133AA691D5C457B00D9031A /* WebViewLearn.app */ = {isa = PBXFileReference; explicitFileType = wrapper.application; includeInIndex = 0; path = WebViewLearn.app; sourceTree = BUILT_PRODUCTS_DIR; };
		E133AA6D1D5C457B00D9031A /* main.m */ = {isa = PBXFileReference; lastKnownFileType = sourcecode.c.objc; path = main.m; sourceTree = "<group>"; };
		E133AA6F1D5C457B00D9031A /* AppDelegate.h */ = {isa = PBXFileReference; lastKnownFileType = sourcecode.c.h; path = AppDelegate.h; sourceTree = "<group>"; };
		E133AA701D5C457B00D9031A /* AppDelegate.m */ = {isa = PBXFileReference; lastKnownFileType = sourcecode.c.objc; path = AppDelegate.m; sourceTree = "<group>"; };
		E133AA721D5C457B00D9031A /* ViewController.h */ = {isa = PBXFileReference; lastKnownFileType = sourcecode.c.h; path = ViewController.h; sourceTree = "<group>"; };
		E133AA731D5C457B00D9031A /* ViewController.m */ = {isa = PBXFileReference; lastKnownFileType = sourcecode.c.objc; path = ViewController.m; sourceTree = "<group>"; };
		E133AA761D5C457B00D9031A /* Base */ = {isa = PBXFileReference; lastKnownFileType = file.storyboard; name = Base; path = Base.lproj/Main.storyboard; sourceTree = "<group>"; };
		E133AA781D5C457B00D9031A /* Assets.xcassets */ = {isa = PBXFileReference; lastKnownFileType = folder.assetcatalog; path = Assets.xcassets; sourceTree = "<group>"; };
		E133AA7B1D5C457B00D9031A /* Base */ = {isa = PBXFileReference; lastKnownFileType = file.storyboard; name = Base; path = Base.lproj/LaunchScreen.storyboard; sourceTree = "<group>"; };
		E133AA7D1D5C457B00D9031A /* Info.plist */ = {isa = PBXFileReference; lastKnownFileType = text.plist.xml; path = Info.plist; sourceTree = "<group>"; };
		E133AA821D5C457B00D9031A /* WebViewLearnTests.xctest */ = {isa = PBXFileReference; explicitFileType = wrapper.cfbundle; includeInIndex = 0; path = WebViewLearnTests.xctest; sourceTree = BUILT_PRODUCTS_DIR; };
		E133AA861D5C457B00D9031A /* WebViewLearnTests.m */ = {isa = PBXFileReference; lastKnownFileType = sourcecode.c.objc; path = WebViewLearnTests.m; sourceTree = "<group>"; };
		E133AA881D5C457B00D9031A /* Info.plist */ = {isa = PBXFileReference; lastKnownFileType = text.plist.xml; path = Info.plist; sourceTree = "<group>"; };
		E133AA8D1D5C457B00D9031A /* WebViewLearnUITests.xctest */ = {isa = PBXFileReference; explicitFileType = wrapper.cfbundle; includeInIndex = 0; path = WebViewLearnUITests.xctest; sourceTree = BUILT_PRODUCTS_DIR; };
		E133AA911D5C457B00D9031A /* WebViewLearnUITests.m */ = {isa = PBXFileReference; lastKnownFileType = sourcecode.c.objc; path = WebViewLearnUITests.m; sourceTree = "<group>"; };
		E133AA931D5C457B00D9031A /* Info.plist */ = {isa = PBXFileReference; lastKnownFileType = text.plist.xml; path = Info.plist; sourceTree = "<group>"; };
		E139953C1D5DB8140007F050 /* MaskView.h */ = {isa = PBXFileReference; fileEncoding = 4; lastKnownFileType = sourcecode.c.h; path = MaskView.h; sourceTree = "<group>"; };
		E139953D1D5DB8140007F050 /* MaskView.m */ = {isa = PBXFileReference; fileEncoding = 4; lastKnownFileType = sourcecode.c.objc; path = MaskView.m; sourceTree = "<group>"; };
		E13995441D5DE9220007F050 /* OverTurnViewController.h */ = {isa = PBXFileReference; fileEncoding = 4; lastKnownFileType = sourcecode.c.h; path = OverTurnViewController.h; sourceTree = "<group>"; };
		E13995451D5DE9220007F050 /* OverTurnViewController.m */ = {isa = PBXFileReference; fileEncoding = 4; lastKnownFileType = sourcecode.c.objc; path = OverTurnViewController.m; sourceTree = "<group>"; };
		E1B97AED1D66B72000B2A197 /* GCDMulticastDelegate.h */ = {isa = PBXFileReference; fileEncoding = 4; lastKnownFileType = sourcecode.c.h; path = GCDMulticastDelegate.h; sourceTree = "<group>"; };
		E1B97AEE1D66B72000B2A197 /* GCDMulticastDelegate.m */ = {isa = PBXFileReference; fileEncoding = 4; lastKnownFileType = sourcecode.c.objc; path = GCDMulticastDelegate.m; sourceTree = "<group>"; };
		E1B97AEF1D66B72000B2A197 /* MulticastDelegateBaseObject.h */ = {isa = PBXFileReference; fileEncoding = 4; lastKnownFileType = sourcecode.c.h; path = MulticastDelegateBaseObject.h; sourceTree = "<group>"; };
		E1B97AF01D66B72000B2A197 /* MulticastDelegateBaseObject.m */ = {isa = PBXFileReference; fileEncoding = 4; lastKnownFileType = sourcecode.c.objc; path = MulticastDelegateBaseObject.m; sourceTree = "<group>"; };
		E1C7D1371D630C190063FCDE /* AnotherViewController.h */ = {isa = PBXFileReference; fileEncoding = 4; lastKnownFileType = sourcecode.c.h; path = AnotherViewController.h; sourceTree = "<group>"; };
		E1C7D1381D630C190063FCDE /* AnotherViewController.m */ = {isa = PBXFileReference; fileEncoding = 4; lastKnownFileType = sourcecode.c.objc; path = AnotherViewController.m; sourceTree = "<group>"; };
		E1C7D13A1D630D830063FCDE /* heng.jpg */ = {isa = PBXFileReference; lastKnownFileType = image.jpeg; path = heng.jpg; sourceTree = "<group>"; };
		E1E40F8B1D5C476F0022EBEC /* NewWebView.h */ = {isa = PBXFileReference; fileEncoding = 4; lastKnownFileType = sourcecode.c.h; path = NewWebView.h; sourceTree = "<group>"; };
		E1E40F8C1D5C476F0022EBEC /* NewWebView.m */ = {isa = PBXFileReference; fileEncoding = 4; lastKnownFileType = sourcecode.c.objc; path = NewWebView.m; sourceTree = "<group>"; };
		E1E40F941D5C71A70022EBEC /* UIScrollView+UITouch.h */ = {isa = PBXFileReference; fileEncoding = 4; lastKnownFileType = sourcecode.c.h; path = "UIScrollView+UITouch.h"; sourceTree = "<group>"; };
		E1E40F951D5C71A70022EBEC /* UIScrollView+UITouch.m */ = {isa = PBXFileReference; fileEncoding = 4; lastKnownFileType = sourcecode.c.objc; path = "UIScrollView+UITouch.m"; sourceTree = "<group>"; };
/* End PBXFileReference section */

/* Begin PBXFrameworksBuildPhase section */
		E133AA661D5C457B00D9031A /* Frameworks */ = {
			isa = PBXFrameworksBuildPhase;
			buildActionMask = 2147483647;
			files = (
			);
			runOnlyForDeploymentPostprocessing = 0;
		};
		E133AA7F1D5C457B00D9031A /* Frameworks */ = {
			isa = PBXFrameworksBuildPhase;
			buildActionMask = 2147483647;
			files = (
			);
			runOnlyForDeploymentPostprocessing = 0;
		};
		E133AA8A1D5C457B00D9031A /* Frameworks */ = {
			isa = PBXFrameworksBuildPhase;
			buildActionMask = 2147483647;
			files = (
			);
			runOnlyForDeploymentPostprocessing = 0;
		};
/* End PBXFrameworksBuildPhase section */

/* Begin PBXGroup section */
		E133AA601D5C457B00D9031A = {
			isa = PBXGroup;
			children = (
				E133AA6B1D5C457B00D9031A /* WebViewLearn */,
				E133AA851D5C457B00D9031A /* WebViewLearnTests */,
				E133AA901D5C457B00D9031A /* WebViewLearnUITests */,
				E133AA6A1D5C457B00D9031A /* Products */,
			);
			sourceTree = "<group>";
		};
		E133AA6A1D5C457B00D9031A /* Products */ = {
			isa = PBXGroup;
			children = (
				E133AA691D5C457B00D9031A /* WebViewLearn.app */,
				E133AA821D5C457B00D9031A /* WebViewLearnTests.xctest */,
				E133AA8D1D5C457B00D9031A /* WebViewLearnUITests.xctest */,
			);
			name = Products;
			sourceTree = "<group>";
		};
		E133AA6B1D5C457B00D9031A /* WebViewLearn */ = {
			isa = PBXGroup;
			children = (
				E1B97AEC1D66B70400B2A197 /* GCDMulticastDelegate */,
				E13995431D5DE8A30007F050 /* OVERTURN */,
				E1026C051D5D967200C930AD /* Default.png */,
				E133AA6F1D5C457B00D9031A /* AppDelegate.h */,
				E133AA701D5C457B00D9031A /* AppDelegate.m */,
				E133AA721D5C457B00D9031A /* ViewController.h */,
				E133AA731D5C457B00D9031A /* ViewController.m */,
				E133AA751D5C457B00D9031A /* Main.storyboard */,
				E133AA781D5C457B00D9031A /* Assets.xcassets */,
				E133AA7A1D5C457B00D9031A /* LaunchScreen.storyboard */,
				E133AA7D1D5C457B00D9031A /* Info.plist */,
				E133AA6C1D5C457B00D9031A /* Supporting Files */,
				E1E40F8B1D5C476F0022EBEC /* NewWebView.h */,
				E1E40F8C1D5C476F0022EBEC /* NewWebView.m */,
				E1E40F941D5C71A70022EBEC /* UIScrollView+UITouch.h */,
				E1E40F951D5C71A70022EBEC /* UIScrollView+UITouch.m */,
				E1026BFF1D5D7FFC00C930AD /* MyScrollView.h */,
				E1026C001D5D7FFC00C930AD /* MyScrollView.m */,
				E1026C021D5D823400C930AD /* backView.h */,
				E1026C031D5D823400C930AD /* backView.m */,
				E139953C1D5DB8140007F050 /* MaskView.h */,
				E139953D1D5DB8140007F050 /* MaskView.m */,
			);
			path = WebViewLearn;
			sourceTree = "<group>";
		};
		E133AA6C1D5C457B00D9031A /* Supporting Files */ = {
			isa = PBXGroup;
			children = (
				E133AA6D1D5C457B00D9031A /* main.m */,
			);
			name = "Supporting Files";
			sourceTree = "<group>";
		};
		E133AA851D5C457B00D9031A /* WebViewLearnTests */ = {
			isa = PBXGroup;
			children = (
				E133AA861D5C457B00D9031A /* WebViewLearnTests.m */,
				E133AA881D5C457B00D9031A /* Info.plist */,
			);
			path = WebViewLearnTests;
			sourceTree = "<group>";
		};
		E133AA901D5C457B00D9031A /* WebViewLearnUITests */ = {
			isa = PBXGroup;
			children = (
				E133AA911D5C457B00D9031A /* WebViewLearnUITests.m */,
				E133AA931D5C457B00D9031A /* Info.plist */,
			);
			path = WebViewLearnUITests;
			sourceTree = "<group>";
		};
		E13995431D5DE8A30007F050 /* OVERTURN */ = {
			isa = PBXGroup;
			children = (
				E1C7D13A1D630D830063FCDE /* heng.jpg */,
				E13995441D5DE9220007F050 /* OverTurnViewController.h */,
				E13995451D5DE9220007F050 /* OverTurnViewController.m */,
				E1C7D1371D630C190063FCDE /* AnotherViewController.h */,
				E1C7D1381D630C190063FCDE /* AnotherViewController.m */,
			);
			name = OVERTURN;
			sourceTree = "<group>";
		};
		E1B97AEC1D66B70400B2A197 /* GCDMulticastDelegate */ = {
			isa = PBXGroup;
			children = (
				E1B97AED1D66B72000B2A197 /* GCDMulticastDelegate.h */,
				E1B97AEE1D66B72000B2A197 /* GCDMulticastDelegate.m */,
				E1B97AEF1D66B72000B2A197 /* MulticastDelegateBaseObject.h */,
				E1B97AF01D66B72000B2A197 /* MulticastDelegateBaseObject.m */,
			);
			name = GCDMulticastDelegate;
			sourceTree = "<group>";
		};
/* End PBXGroup section */

/* Begin PBXNativeTarget section */
		E133AA681D5C457B00D9031A /* WebViewLearn */ = {
			isa = PBXNativeTarget;
			buildConfigurationList = E133AA961D5C457B00D9031A /* Build configuration list for PBXNativeTarget "WebViewLearn" */;
			buildPhases = (
				E133AA651D5C457B00D9031A /* Sources */,
				E133AA661D5C457B00D9031A /* Frameworks */,
				E133AA671D5C457B00D9031A /* Resources */,
			);
			buildRules = (
			);
			dependencies = (
			);
			name = WebViewLearn;
			productName = WebViewLearn;
			productReference = E133AA691D5C457B00D9031A /* WebViewLearn.app */;
			productType = "com.apple.product-type.application";
		};
		E133AA811D5C457B00D9031A /* WebViewLearnTests */ = {
			isa = PBXNativeTarget;
			buildConfigurationList = E133AA991D5C457B00D9031A /* Build configuration list for PBXNativeTarget "WebViewLearnTests" */;
			buildPhases = (
				E133AA7E1D5C457B00D9031A /* Sources */,
				E133AA7F1D5C457B00D9031A /* Frameworks */,
				E133AA801D5C457B00D9031A /* Resources */,
			);
			buildRules = (
			);
			dependencies = (
				E133AA841D5C457B00D9031A /* PBXTargetDependency */,
			);
			name = WebViewLearnTests;
			productName = WebViewLearnTests;
			productReference = E133AA821D5C457B00D9031A /* WebViewLearnTests.xctest */;
			productType = "com.apple.product-type.bundle.unit-test";
		};
		E133AA8C1D5C457B00D9031A /* WebViewLearnUITests */ = {
			isa = PBXNativeTarget;
			buildConfigurationList = E133AA9C1D5C457B00D9031A /* Build configuration list for PBXNativeTarget "WebViewLearnUITests" */;
			buildPhases = (
				E133AA891D5C457B00D9031A /* Sources */,
				E133AA8A1D5C457B00D9031A /* Frameworks */,
				E133AA8B1D5C457B00D9031A /* Resources */,
			);
			buildRules = (
			);
			dependencies = (
				E133AA8F1D5C457B00D9031A /* PBXTargetDependency */,
			);
			name = WebViewLearnUITests;
			productName = WebViewLearnUITests;
			productReference = E133AA8D1D5C457B00D9031A /* WebViewLearnUITests.xctest */;
			productType = "com.apple.product-type.bundle.ui-testing";
		};
/* End PBXNativeTarget section */

/* Begin PBXProject section */
		E133AA611D5C457B00D9031A /* Project object */ = {
			isa = PBXProject;
			attributes = {
				LastUpgradeCheck = 0730;
				ORGANIZATIONNAME = shiruichang;
				TargetAttributes = {
					E133AA681D5C457B00D9031A = {
						CreatedOnToolsVersion = 7.3.1;
						DevelopmentTeam = 5HLAZYARTZ;
					};
					E133AA811D5C457B00D9031A = {
						CreatedOnToolsVersion = 7.3.1;
						TestTargetID = E133AA681D5C457B00D9031A;
					};
					E133AA8C1D5C457B00D9031A = {
						CreatedOnToolsVersion = 7.3.1;
						TestTargetID = E133AA681D5C457B00D9031A;
					};
				};
			};
			buildConfigurationList = E133AA641D5C457B00D9031A /* Build configuration list for PBXProject "WebViewLearn" */;
			compatibilityVersion = "Xcode 3.2";
			developmentRegion = English;
			hasScannedForEncodings = 0;
			knownRegions = (
				en,
				Base,
			);
			mainGroup = E133AA601D5C457B00D9031A;
			productRefGroup = E133AA6A1D5C457B00D9031A /* Products */;
			projectDirPath = "";
			projectRoot = "";
			targets = (
				E133AA681D5C457B00D9031A /* WebViewLearn */,
				E133AA811D5C457B00D9031A /* WebViewLearnTests */,
				E133AA8C1D5C457B00D9031A /* WebViewLearnUITests */,
			);
		};
/* End PBXProject section */

/* Begin PBXResourcesBuildPhase section */
		E133AA671D5C457B00D9031A /* Resources */ = {
			isa = PBXResourcesBuildPhase;
			buildActionMask = 2147483647;
			files = (
				E133AA7C1D5C457B00D9031A /* LaunchScreen.storyboard in Resources */,
				E1C7D13B1D630D830063FCDE /* heng.jpg in Resources */,
				E133AA791D5C457B00D9031A /* Assets.xcassets in Resources */,
				E133AA771D5C457B00D9031A /* Main.storyboard in Resources */,
				E1026C061D5D967200C930AD /* Default.png in Resources */,
			);
			runOnlyForDeploymentPostprocessing = 0;
		};
		E133AA801D5C457B00D9031A /* Resources */ = {
			isa = PBXResourcesBuildPhase;
			buildActionMask = 2147483647;
			files = (
			);
			runOnlyForDeploymentPostprocessing = 0;
		};
		E133AA8B1D5C457B00D9031A /* Resources */ = {
			isa = PBXResourcesBuildPhase;
			buildActionMask = 2147483647;
			files = (
			);
			runOnlyForDeploymentPostprocessing = 0;
		};
/* End PBXResourcesBuildPhase section */

/* Begin PBXSourcesBuildPhase section */
		E133AA651D5C457B00D9031A /* Sources */ = {
			isa = PBXSourcesBuildPhase;
			buildActionMask = 2147483647;
			files = (
				E1E40F961D5C71A70022EBEC /* UIScrollView+UITouch.m in Sources */,
				E133AA741D5C457B00D9031A /* ViewController.m in Sources */,
				E1B97AF11D66B72000B2A197 /* GCDMulticastDelegate.m in Sources */,
				E13995461D5DE9220007F050 /* OverTurnViewController.m in Sources */,
				E133AA711D5C457B00D9031A /* AppDelegate.m in Sources */,
				E1E40F8D1D5C476F0022EBEC /* NewWebView.m in Sources */,
				E139953E1D5DB8140007F050 /* MaskView.m in Sources */,
				E1B97AF21D66B72000B2A197 /* MulticastDelegateBaseObject.m in Sources */,
				E1C7D1391D630C190063FCDE /* AnotherViewController.m in Sources */,
				E133AA6E1D5C457B00D9031A /* main.m in Sources */,
				E1026C041D5D823400C930AD /* backView.m in Sources */,
				E1026C011D5D7FFC00C930AD /* MyScrollView.m in Sources */,
			);
			runOnlyForDeploymentPostprocessing = 0;
		};
		E133AA7E1D5C457B00D9031A /* Sources */ = {
			isa = PBXSourcesBuildPhase;
			buildActionMask = 2147483647;
			files = (
				E133AA871D5C457B00D9031A /* WebViewLearnTests.m in Sources */,
			);
			runOnlyForDeploymentPostprocessing = 0;
		};
		E133AA891D5C457B00D9031A /* Sources */ = {
			isa = PBXSourcesBuildPhase;
			buildActionMask = 2147483647;
			files = (
				E133AA921D5C457B00D9031A /* WebViewLearnUITests.m in Sources */,
			);
			runOnlyForDeploymentPostprocessing = 0;
		};
/* End PBXSourcesBuildPhase section */

/* Begin PBXTargetDependency section */
		E133AA841D5C457B00D9031A /* PBXTargetDependency */ = {
			isa = PBXTargetDependency;
			target = E133AA681D5C457B00D9031A /* WebViewLearn */;
			targetProxy = E133AA831D5C457B00D9031A /* PBXContainerItemProxy */;
		};
		E133AA8F1D5C457B00D9031A /* PBXTargetDependency */ = {
			isa = PBXTargetDependency;
			target = E133AA681D5C457B00D9031A /* WebViewLearn */;
			targetProxy = E133AA8E1D5C457B00D9031A /* PBXContainerItemProxy */;
		};
/* End PBXTargetDependency section */

/* Begin PBXVariantGroup section */
		E133AA751D5C457B00D9031A /* Main.storyboard */ = {
			isa = PBXVariantGroup;
			children = (
				E133AA761D5C457B00D9031A /* Base */,
			);
			name = Main.storyboard;
			sourceTree = "<group>";
		};
		E133AA7A1D5C457B00D9031A /* LaunchScreen.storyboard */ = {
			isa = PBXVariantGroup;
			children = (
				E133AA7B1D5C457B00D9031A /* Base */,
			);
			name = LaunchScreen.storyboard;
			sourceTree = "<group>";
		};
/* End PBXVariantGroup section */

/* Begin XCBuildConfiguration section */
		E133AA941D5C457B00D9031A /* Debug */ = {
			isa = XCBuildConfiguration;
			buildSettings = {
				ALWAYS_SEARCH_USER_PATHS = NO;
				CLANG_ANALYZER_NONNULL = YES;
				CLANG_CXX_LANGUAGE_STANDARD = "gnu++0x";
				CLANG_CXX_LIBRARY = "libc++";
				CLANG_ENABLE_MODULES = YES;
				CLANG_ENABLE_OBJC_ARC = YES;
				CLANG_WARN_BOOL_CONVERSION = YES;
				CLANG_WARN_CONSTANT_CONVERSION = YES;
				CLANG_WARN_DIRECT_OBJC_ISA_USAGE = YES_ERROR;
				CLANG_WARN_EMPTY_BODY = YES;
				CLANG_WARN_ENUM_CONVERSION = YES;
				CLANG_WARN_INT_CONVERSION = YES;
				CLANG_WARN_OBJC_ROOT_CLASS = YES_ERROR;
				CLANG_WARN_UNREACHABLE_CODE = YES;
				CLANG_WARN__DUPLICATE_METHOD_MATCH = YES;
				"CODE_SIGN_IDENTITY[sdk=iphoneos*]" = "iPhone Developer";
				COPY_PHASE_STRIP = NO;
				DEBUG_INFORMATION_FORMAT = dwarf;
				ENABLE_STRICT_OBJC_MSGSEND = YES;
				ENABLE_TESTABILITY = YES;
				GCC_C_LANGUAGE_STANDARD = gnu99;
				GCC_DYNAMIC_NO_PIC = NO;
				GCC_NO_COMMON_BLOCKS = YES;
				GCC_OPTIMIZATION_LEVEL = 0;
				GCC_PREPROCESSOR_DEFINITIONS = (
					"DEBUG=1",
					"$(inherited)",
				);
				GCC_WARN_64_TO_32_BIT_CONVERSION = YES;
				GCC_WARN_ABOUT_RETURN_TYPE = YES_ERROR;
				GCC_WARN_UNDECLARED_SELECTOR = YES;
				GCC_WARN_UNINITIALIZED_AUTOS = YES_AGGRESSIVE;
				GCC_WARN_UNUSED_FUNCTION = YES;
				GCC_WARN_UNUSED_VARIABLE = YES;
				IPHONEOS_DEPLOYMENT_TARGET = 9.3;
				MTL_ENABLE_DEBUG_INFO = YES;
				ONLY_ACTIVE_ARCH = YES;
				SDKROOT = iphoneos;
			};
			name = Debug;
		};
		E133AA951D5C457B00D9031A /* Release */ = {
			isa = XCBuildConfiguration;
			buildSettings = {
				ALWAYS_SEARCH_USER_PATHS = NO;
				CLANG_ANALYZER_NONNULL = YES;
				CLANG_CXX_LANGUAGE_STANDARD = "gnu++0x";
				CLANG_CXX_LIBRARY = "libc++";
				CLANG_ENABLE_MODULES = YES;
				CLANG_ENABLE_OBJC_ARC = YES;
				CLANG_WARN_BOOL_CONVERSION = YES;
				CLANG_WARN_CONSTANT_CONVERSION = YES;
				CLANG_WARN_DIRECT_OBJC_ISA_USAGE = YES_ERROR;
				CLANG_WARN_EMPTY_BODY = YES;
				CLANG_WARN_ENUM_CONVERSION = YES;
				CLANG_WARN_INT_CONVERSION = YES;
				CLANG_WARN_OBJC_ROOT_CLASS = YES_ERROR;
				CLANG_WARN_UNREACHABLE_CODE = YES;
				CLANG_WARN__DUPLICATE_METHOD_MATCH = YES;
				"CODE_SIGN_IDENTITY[sdk=iphoneos*]" = "iPhone Developer";
				COPY_PHASE_STRIP = NO;
				DEBUG_INFORMATION_FORMAT = "dwarf-with-dsym";
				ENABLE_NS_ASSERTIONS = NO;
				ENABLE_STRICT_OBJC_MSGSEND = YES;
				GCC_C_LANGUAGE_STANDARD = gnu99;
				GCC_NO_COMMON_BLOCKS = YES;
				GCC_WARN_64_TO_32_BIT_CONVERSION = YES;
				GCC_WARN_ABOUT_RETURN_TYPE = YES_ERROR;
				GCC_WARN_UNDECLARED_SELECTOR = YES;
				GCC_WARN_UNINITIALIZED_AUTOS = YES_AGGRESSIVE;
				GCC_WARN_UNUSED_FUNCTION = YES;
				GCC_WARN_UNUSED_VARIABLE = YES;
				IPHONEOS_DEPLOYMENT_TARGET = 9.3;
				MTL_ENABLE_DEBUG_INFO = NO;
				SDKROOT = iphoneos;
				VALIDATE_PRODUCT = YES;
			};
			name = Release;
		};
		E133AA971D5C457B00D9031A /* Debug */ = {
			isa = XCBuildConfiguration;
			buildSettings = {
				ASSETCATALOG_COMPILER_APPICON_NAME = AppIcon;
				CODE_SIGN_IDENTITY = "iPhone Developer";
				INFOPLIST_FILE = WebViewLearn/Info.plist;
				LD_RUNPATH_SEARCH_PATHS = "$(inherited) @executable_path/Frameworks";
				PRODUCT_BUNDLE_IDENTIFIER = xiaoshi.WebViewLearn;
				PRODUCT_NAME = "$(TARGET_NAME)";
			};
			name = Debug;
		};
		E133AA981D5C457B00D9031A /* Release */ = {
			isa = XCBuildConfiguration;
			buildSettings = {
				ASSETCATALOG_COMPILER_APPICON_NAME = AppIcon;
				CODE_SIGN_IDENTITY = "iPhone Developer";
				INFOPLIST_FILE = WebViewLearn/Info.plist;
				LD_RUNPATH_SEARCH_PATHS = "$(inherited) @executable_path/Frameworks";
				PRODUCT_BUNDLE_IDENTIFIER = xiaoshi.WebViewLearn;
				PRODUCT_NAME = "$(TARGET_NAME)";
			};
			name = Release;
		};
		E133AA9A1D5C457B00D9031A /* Debug */ = {
			isa = XCBuildConfiguration;
			buildSettings = {
				BUNDLE_LOADER = "$(TEST_HOST)";
				INFOPLIST_FILE = WebViewLearnTests/Info.plist;
				LD_RUNPATH_SEARCH_PATHS = "$(inherited) @executable_path/Frameworks @loader_path/Frameworks";
				PRODUCT_BUNDLE_IDENTIFIER = xiaoshi.WebViewLearnTests;
				PRODUCT_NAME = "$(TARGET_NAME)";
				TEST_HOST = "$(BUILT_PRODUCTS_DIR)/WebViewLearn.app/WebViewLearn";
			};
			name = Debug;
		};
		E133AA9B1D5C457B00D9031A /* Release */ = {
			isa = XCBuildConfiguration;
			buildSettings = {
				BUNDLE_LOADER = "$(TEST_HOST)";
				INFOPLIST_FILE = WebViewLearnTests/Info.plist;
				LD_RUNPATH_SEARCH_PATHS = "$(inherited) @executable_path/Frameworks @loader_path/Frameworks";
				PRODUCT_BUNDLE_IDENTIFIER = xiaoshi.WebViewLearnTests;
				PRODUCT_NAME = "$(TARGET_NAME)";
				TEST_HOST = "$(BUILT_PRODUCTS_DIR)/WebViewLearn.app/WebViewLearn";
			};
			name = Release;
		};
		E133AA9D1D5C457B00D9031A /* Debug */ = {
			isa = XCBuildConfiguration;
			buildSettings = {
				INFOPLIST_FILE = WebViewLearnUITests/Info.plist;
				LD_RUNPATH_SEARCH_PATHS = "$(inherited) @executable_path/Frameworks @loader_path/Frameworks";
				PRODUCT_BUNDLE_IDENTIFIER = xiaoshi.WebViewLearnUITests;
				PRODUCT_NAME = "$(TARGET_NAME)";
				TEST_TARGET_NAME = WebViewLearn;
			};
			name = Debug;
		};
		E133AA9E1D5C457B00D9031A /* Release */ = {
			isa = XCBuildConfiguration;
			buildSettings = {
				INFOPLIST_FILE = WebViewLearnUITests/Info.plist;
				LD_RUNPATH_SEARCH_PATHS = "$(inherited) @executable_path/Frameworks @loader_path/Frameworks";
				PRODUCT_BUNDLE_IDENTIFIER = xiaoshi.WebViewLearnUITests;
				PRODUCT_NAME = "$(TARGET_NAME)";
				TEST_TARGET_NAME = WebViewLearn;
			};
			name = Release;
		};
/* End XCBuildConfiguration section */

/* Begin XCConfigurationList section */
		E133AA641D5C457B00D9031A /* Build configuration list for PBXProject "WebViewLearn" */ = {
			isa = XCConfigurationList;
			buildConfigurations = (
				E133AA941D5C457B00D9031A /* Debug */,
				E133AA951D5C457B00D9031A /* Release */,
			);
			defaultConfigurationIsVisible = 0;
			defaultConfigurationName = Release;
		};
		E133AA961D5C457B00D9031A /* Build configuration list for PBXNativeTarget "WebViewLearn" */ = {
			isa = XCConfigurationList;
			buildConfigurations = (
				E133AA971D5C457B00D9031A /* Debug */,
				E133AA981D5C457B00D9031A /* Release */,
			);
			defaultConfigurationIsVisible = 0;
			defaultConfigurationName = Release;
		};
		E133AA991D5C457B00D9031A /* Build configuration list for PBXNativeTarget "WebViewLearnTests" */ = {
			isa = XCConfigurationList;
			buildConfigurations = (
				E133AA9A1D5C457B00D9031A /* Debug */,
				E133AA9B1D5C457B00D9031A /* Release */,
			);
			defaultConfigurationIsVisible = 0;
			defaultConfigurationName = Release;
		};
		E133AA9C1D5C457B00D9031A /* Build configuration list for PBXNativeTarget "WebViewLearnUITests" */ = {
			isa = XCConfigurationList;
			buildConfigurations = (
				E133AA9D1D5C457B00D9031A /* Debug */,
				E133AA9E1D5C457B00D9031A /* Release */,
			);
			defaultConfigurationIsVisible = 0;
			defaultConfigurationName = Release;
		};
/* End XCConfigurationList section */
	};
	rootObject = E133AA611D5C457B00D9031A /* Project object */;
}
